// !$*UTF8*$!
{
	archiveVersion = 1;
	classes = {
	};
	objectVersion = 55;
	objects = {

/* Begin PBXBuildFile section */
		2E37709E2781E6BA00DE4070 /* ProblemFormViewController.swift in Sources */ = {isa = PBXBuildFile; fileRef = 2E37709D2781E6BA00DE4070 /* ProblemFormViewController.swift */; };
		2E65DF582781F7BC00528C9E /* UIViewController+Context.swift in Sources */ = {isa = PBXBuildFile; fileRef = 2E65DF572781F7BC00528C9E /* UIViewController+Context.swift */; };
		2E673881277F92F4000396B2 /* AppDelegate.swift in Sources */ = {isa = PBXBuildFile; fileRef = 2E673880277F92F4000396B2 /* AppDelegate.swift */; };
		2E673883277F92F4000396B2 /* SceneDelegate.swift in Sources */ = {isa = PBXBuildFile; fileRef = 2E673882277F92F4000396B2 /* SceneDelegate.swift */; };
		2E673885277F92F4000396B2 /* ProblemViewController.swift in Sources */ = {isa = PBXBuildFile; fileRef = 2E673884277F92F4000396B2 /* ProblemViewController.swift */; };
		2E673888277F92F4000396B2 /* Main.storyboard in Resources */ = {isa = PBXBuildFile; fileRef = 2E673886277F92F4000396B2 /* Main.storyboard */; };
		2E67388B277F92F4000396B2 /* AcheiUmProblema.xcdatamodeld in Sources */ = {isa = PBXBuildFile; fileRef = 2E673889277F92F4000396B2 /* AcheiUmProblema.xcdatamodeld */; };
		2E67388D277F92F6000396B2 /* Assets.xcassets in Resources */ = {isa = PBXBuildFile; fileRef = 2E67388C277F92F6000396B2 /* Assets.xcassets */; };
		2E673890277F92F6000396B2 /* LaunchScreen.storyboard in Resources */ = {isa = PBXBuildFile; fileRef = 2E67388E277F92F6000396B2 /* LaunchScreen.storyboard */; };
		2E673898277F9C34000396B2 /* ProblemTableViewController.swift in Sources */ = {isa = PBXBuildFile; fileRef = 2E673897277F9C34000396B2 /* ProblemTableViewController.swift */; };
		2E67389A277FB282000396B2 /* ProblemTableViewCell.swift in Sources */ = {isa = PBXBuildFile; fileRef = 2E673899277FB282000396B2 /* ProblemTableViewCell.swift */; };
/* End PBXBuildFile section */

/* Begin PBXFileReference section */
		2E37709D2781E6BA00DE4070 /* ProblemFormViewController.swift */ = {isa = PBXFileReference; lastKnownFileType = sourcecode.swift; path = ProblemFormViewController.swift; sourceTree = "<group>"; };
		2E65DF572781F7BC00528C9E /* UIViewController+Context.swift */ = {isa = PBXFileReference; lastKnownFileType = sourcecode.swift; path = "UIViewController+Context.swift"; sourceTree = "<group>"; };
		2E67387D277F92F4000396B2 /* AcheiUmProblema.app */ = {isa = PBXFileReference; explicitFileType = wrapper.application; includeInIndex = 0; path = AcheiUmProblema.app; sourceTree = BUILT_PRODUCTS_DIR; };
		2E673880277F92F4000396B2 /* AppDelegate.swift */ = {isa = PBXFileReference; lastKnownFileType = sourcecode.swift; path = AppDelegate.swift; sourceTree = "<group>"; };
		2E673882277F92F4000396B2 /* SceneDelegate.swift */ = {isa = PBXFileReference; lastKnownFileType = sourcecode.swift; path = SceneDelegate.swift; sourceTree = "<group>"; };
		2E673884277F92F4000396B2 /* ProblemViewController.swift */ = {isa = PBXFileReference; lastKnownFileType = sourcecode.swift; path = ProblemViewController.swift; sourceTree = "<group>"; };
		2E673887277F92F4000396B2 /* Base */ = {isa = PBXFileReference; lastKnownFileType = file.storyboard; name = Base; path = Base.lproj/Main.storyboard; sourceTree = "<group>"; };
		2E67388A277F92F4000396B2 /* AcheiUmProblema.xcdatamodel */ = {isa = PBXFileReference; lastKnownFileType = wrapper.xcdatamodel; path = AcheiUmProblema.xcdatamodel; sourceTree = "<group>"; };
		2E67388C277F92F6000396B2 /* Assets.xcassets */ = {isa = PBXFileReference; lastKnownFileType = folder.assetcatalog; path = Assets.xcassets; sourceTree = "<group>"; };
		2E67388F277F92F6000396B2 /* Base */ = {isa = PBXFileReference; lastKnownFileType = file.storyboard; name = Base; path = Base.lproj/LaunchScreen.storyboard; sourceTree = "<group>"; };
		2E673891277F92F6000396B2 /* Info.plist */ = {isa = PBXFileReference; lastKnownFileType = text.plist.xml; path = Info.plist; sourceTree = "<group>"; };
		2E673897277F9C34000396B2 /* ProblemTableViewController.swift */ = {isa = PBXFileReference; lastKnownFileType = sourcecode.swift; path = ProblemTableViewController.swift; sourceTree = "<group>"; };
		2E673899277FB282000396B2 /* ProblemTableViewCell.swift */ = {isa = PBXFileReference; lastKnownFileType = sourcecode.swift; path = ProblemTableViewCell.swift; sourceTree = "<group>"; };
/* End PBXFileReference section */

/* Begin PBXFrameworksBuildPhase section */
		2E67387A277F92F4000396B2 /* Frameworks */ = {
			isa = PBXFrameworksBuildPhase;
			buildActionMask = 2147483647;
			files = (
			);
			runOnlyForDeploymentPostprocessing = 0;
		};
/* End PBXFrameworksBuildPhase section */

/* Begin PBXGroup section */
		2E673874277F92F4000396B2 = {
			isa = PBXGroup;
			children = (
				2E67387F277F92F4000396B2 /* AcheiUmProblema */,
				2E67387E277F92F4000396B2 /* Products */,
			);
			sourceTree = "<group>";
		};
		2E67387E277F92F4000396B2 /* Products */ = {
			isa = PBXGroup;
			children = (
				2E67387D277F92F4000396B2 /* AcheiUmProblema.app */,
			);
			name = Products;
			sourceTree = "<group>";
		};
		2E67387F277F92F4000396B2 /* AcheiUmProblema */ = {
			isa = PBXGroup;
			children = (
				2E673891277F92F6000396B2 /* Info.plist */,
				2E673886277F92F4000396B2 /* Main.storyboard */,
				2E67388C277F92F6000396B2 /* Assets.xcassets */,
				2E673880277F92F4000396B2 /* AppDelegate.swift */,
				2E67388E277F92F6000396B2 /* LaunchScreen.storyboard */,
				2E673882277F92F4000396B2 /* SceneDelegate.swift */,
				2E673889277F92F4000396B2 /* AcheiUmProblema.xcdatamodeld */,
				2E673899277FB282000396B2 /* ProblemTableViewCell.swift */,
				2E673884277F92F4000396B2 /* ProblemViewController.swift */,
				2E65DF572781F7BC00528C9E /* UIViewController+Context.swift */,
				2E673897277F9C34000396B2 /* ProblemTableViewController.swift */,
				2E37709D2781E6BA00DE4070 /* ProblemFormViewController.swift */,
			);
			path = AcheiUmProblema;
			sourceTree = "<group>";
		};
/* End PBXGroup section */

/* Begin PBXNativeTarget section */
		2E67387C277F92F4000396B2 /* AcheiUmProblema */ = {
			isa = PBXNativeTarget;
			buildConfigurationList = 2E673894277F92F6000396B2 /* Build configuration list for PBXNativeTarget "AcheiUmProblema" */;
			buildPhases = (
				2E673879277F92F4000396B2 /* Sources */,
				2E67387A277F92F4000396B2 /* Frameworks */,
				2E67387B277F92F4000396B2 /* Resources */,
			);
			buildRules = (
			);
			dependencies = (
			);
			name = AcheiUmProblema;
			productName = AcheiUmProblema;
			productReference = 2E67387D277F92F4000396B2 /* AcheiUmProblema.app */;
			productType = "com.apple.product-type.application";
		};
/* End PBXNativeTarget section */

/* Begin PBXProject section */
		2E673875277F92F4000396B2 /* Project object */ = {
			isa = PBXProject;
			attributes = {
				BuildIndependentTargetsInParallel = 1;
				LastSwiftUpdateCheck = 1320;
				LastUpgradeCheck = 1320;
				TargetAttributes = {
					2E67387C277F92F4000396B2 = {
						CreatedOnToolsVersion = 13.2.1;
					};
				};
			};
			buildConfigurationList = 2E673878277F92F4000396B2 /* Build configuration list for PBXProject "AcheiUmProblema" */;
			compatibilityVersion = "Xcode 13.0";
			developmentRegion = en;
			hasScannedForEncodings = 0;
			knownRegions = (
				en,
				Base,
			);
			mainGroup = 2E673874277F92F4000396B2;
			productRefGroup = 2E67387E277F92F4000396B2 /* Products */;
			projectDirPath = "";
			projectRoot = "";
			targets = (
				2E67387C277F92F4000396B2 /* AcheiUmProblema */,
			);
		};
/* End PBXProject section */

/* Begin PBXResourcesBuildPhase section */
		2E67387B277F92F4000396B2 /* Resources */ = {
			isa = PBXResourcesBuildPhase;
			buildActionMask = 2147483647;
			files = (
				2E673890277F92F6000396B2 /* LaunchScreen.storyboard in Resources */,
				2E67388D277F92F6000396B2 /* Assets.xcassets in Resources */,
				2E673888277F92F4000396B2 /* Main.storyboard in Resources */,
			);
			runOnlyForDeploymentPostprocessing = 0;
		};
/* End PBXResourcesBuildPhase section */

/* Begin PBXSourcesBuildPhase section */
		2E673879277F92F4000396B2 /* Sources */ = {
			isa = PBXSourcesBuildPhase;
			buildActionMask = 2147483647;
			files = (
				2E673885277F92F4000396B2 /* ProblemViewController.swift in Sources */,
				2E67389A277FB282000396B2 /* ProblemTableViewCell.swift in Sources */,
				2E673881277F92F4000396B2 /* AppDelegate.swift in Sources */,
				2E673898277F9C34000396B2 /* ProblemTableViewController.swift in Sources */,
				2E67388B277F92F4000396B2 /* AcheiUmProblema.xcdatamodeld in Sources */,
				2E37709E2781E6BA00DE4070 /* ProblemFormViewController.swift in Sources */,
				2E65DF582781F7BC00528C9E /* UIViewController+Context.swift in Sources */,
				2E673883277F92F4000396B2 /* SceneDelegate.swift in Sources */,
			);
			runOnlyForDeploymentPostprocessing = 0;
		};
/* End PBXSourcesBuildPhase section */

/* Begin PBXVariantGroup section */
		2E673886277F92F4000396B2 /* Main.storyboard */ = {
			isa = PBXVariantGroup;
			children = (
				2E673887277F92F4000396B2 /* Base */,
			);
			name = Main.storyboard;
			sourceTree = "<group>";
		};
		2E67388E277F92F6000396B2 /* LaunchScreen.storyboard */ = {
			isa = PBXVariantGroup;
			children = (
				2E67388F277F92F6000396B2 /* Base */,
			);
			name = LaunchScreen.storyboard;
			sourceTree = "<group>";
		};
/* End PBXVariantGroup section */

/* Begin XCBuildConfiguration section */
		2E673892277F92F6000396B2 /* Debug */ = {
			isa = XCBuildConfiguration;
			buildSettings = {
				ALWAYS_SEARCH_USER_PATHS = NO;
				CLANG_ANALYZER_NONNULL = YES;
				CLANG_ANALYZER_NUMBER_OBJECT_CONVERSION = YES_AGGRESSIVE;
				CLANG_CXX_LANGUAGE_STANDARD = "gnu++17";
				CLANG_CXX_LIBRARY = "libc++";
				CLANG_ENABLE_MODULES = YES;
				CLANG_ENABLE_OBJC_ARC = YES;
				CLANG_ENABLE_OBJC_WEAK = YES;
				CLANG_WARN_BLOCK_CAPTURE_AUTORELEASING = YES;
				CLANG_WARN_BOOL_CONVERSION = YES;
				CLANG_WARN_COMMA = YES;
				CLANG_WARN_CONSTANT_CONVERSION = YES;
				CLANG_WARN_DEPRECATED_OBJC_IMPLEMENTATIONS = YES;
				CLANG_WARN_DIRECT_OBJC_ISA_USAGE = YES_ERROR;
				CLANG_WARN_DOCUMENTATION_COMMENTS = YES;
				CLANG_WARN_EMPTY_BODY = YES;
				CLANG_WARN_ENUM_CONVERSION = YES;
				CLANG_WARN_INFINITE_RECURSION = YES;
				CLANG_WARN_INT_CONVERSION = YES;
				CLANG_WARN_NON_LITERAL_NULL_CONVERSION = YES;
				CLANG_WARN_OBJC_IMPLICIT_RETAIN_SELF = YES;
				CLANG_WARN_OBJC_LITERAL_CONVERSION = YES;
				CLANG_WARN_OBJC_ROOT_CLASS = YES_ERROR;
				CLANG_WARN_QUOTED_INCLUDE_IN_FRAMEWORK_HEADER = YES;
				CLANG_WARN_RANGE_LOOP_ANALYSIS = YES;
				CLANG_WARN_STRICT_PROTOTYPES = YES;
				CLANG_WARN_SUSPICIOUS_MOVE = YES;
				CLANG_WARN_UNGUARDED_AVAILABILITY = YES_AGGRESSIVE;
				CLANG_WARN_UNREACHABLE_CODE = YES;
				CLANG_WARN__DUPLICATE_METHOD_MATCH = YES;
				COPY_PHASE_STRIP = NO;
				DEBUG_INFORMATION_FORMAT = dwarf;
				ENABLE_STRICT_OBJC_MSGSEND = YES;
				ENABLE_TESTABILITY = YES;
				GCC_C_LANGUAGE_STANDARD = gnu11;
				GCC_DYNAMIC_NO_PIC = NO;
				GCC_NO_COMMON_BLOCKS = YES;
				GCC_OPTIMIZATION_LEVEL = 0;
				GCC_PREPROCESSOR_DEFINITIONS = (
					"DEBUG=1",
					"$(inherited)",
				);
				GCC_WARN_64_TO_32_BIT_CONVERSION = YES;
				GCC_WARN_ABOUT_RETURN_TYPE = YES_ERROR;
				GCC_WARN_UNDECLARED_SELECTOR = YES;
				GCC_WARN_UNINITIALIZED_AUTOS = YES_AGGRESSIVE;
				GCC_WARN_UNUSED_FUNCTION = YES;
				GCC_WARN_UNUSED_VARIABLE = YES;
				IPHONEOS_DEPLOYMENT_TARGET = 15.2;
				MTL_ENABLE_DEBUG_INFO = INCLUDE_SOURCE;
				MTL_FAST_MATH = YES;
				ONLY_ACTIVE_ARCH = YES;
				SDKROOT = iphoneos;
				SWIFT_ACTIVE_COMPILATION_CONDITIONS = DEBUG;
				SWIFT_OPTIMIZATION_LEVEL = "-Onone";
			};
			name = Debug;
		};
		2E673893277F92F6000396B2 /* Release */ = {
			isa = XCBuildConfiguration;
			buildSettings = {
				ALWAYS_SEARCH_USER_PATHS = NO;
				CLANG_ANALYZER_NONNULL = YES;
				CLANG_ANALYZER_NUMBER_OBJECT_CONVERSION = YES_AGGRESSIVE;
				CLANG_CXX_LANGUAGE_STANDARD = "gnu++17";
				CLANG_CXX_LIBRARY = "libc++";
				CLANG_ENABLE_MODULES = YES;
				CLANG_ENABLE_OBJC_ARC = YES;
				CLANG_ENABLE_OBJC_WEAK = YES;
				CLANG_WARN_BLOCK_CAPTURE_AUTORELEASING = YES;
				CLANG_WARN_BOOL_CONVERSION = YES;
				CLANG_WARN_COMMA = YES;
				CLANG_WARN_CONSTANT_CONVERSION = YES;
				CLANG_WARN_DEPRECATED_OBJC_IMPLEMENTATIONS = YES;
				CLANG_WARN_DIRECT_OBJC_ISA_USAGE = YES_ERROR;
				CLANG_WARN_DOCUMENTATION_COMMENTS = YES;
				CLANG_WARN_EMPTY_BODY = YES;
				CLANG_WARN_ENUM_CONVERSION = YES;
				CLANG_WARN_INFINITE_RECURSION = YES;
				CLANG_WARN_INT_CONVERSION = YES;
				CLANG_WARN_NON_LITERAL_NULL_CONVERSION = YES;
				CLANG_WARN_OBJC_IMPLICIT_RETAIN_SELF = YES;
				CLANG_WARN_OBJC_LITERAL_CONVERSION = YES;
				CLANG_WARN_OBJC_ROOT_CLASS = YES_ERROR;
				CLANG_WARN_QUOTED_INCLUDE_IN_FRAMEWORK_HEADER = YES;
				CLANG_WARN_RANGE_LOOP_ANALYSIS = YES;
				CLANG_WARN_STRICT_PROTOTYPES = YES;
				CLANG_WARN_SUSPICIOUS_MOVE = YES;
				CLANG_WARN_UNGUARDED_AVAILABILITY = YES_AGGRESSIVE;
				CLANG_WARN_UNREACHABLE_CODE = YES;
				CLANG_WARN__DUPLICATE_METHOD_MATCH = YES;
				COPY_PHASE_STRIP = NO;
				DEBUG_INFORMATION_FORMAT = "dwarf-with-dsym";
				ENABLE_NS_ASSERTIONS = NO;
				ENABLE_STRICT_OBJC_MSGSEND = YES;
				GCC_C_LANGUAGE_STANDARD = gnu11;
				GCC_NO_COMMON_BLOCKS = YES;
				GCC_WARN_64_TO_32_BIT_CONVERSION = YES;
				GCC_WARN_ABOUT_RETURN_TYPE = YES_ERROR;
				GCC_WARN_UNDECLARED_SELECTOR = YES;
				GCC_WARN_UNINITIALIZED_AUTOS = YES_AGGRESSIVE;
				GCC_WARN_UNUSED_FUNCTION = YES;
				GCC_WARN_UNUSED_VARIABLE = YES;
				IPHONEOS_DEPLOYMENT_TARGET = 15.2;
				MTL_ENABLE_DEBUG_INFO = NO;
				MTL_FAST_MATH = YES;
				SDKROOT = iphoneos;
				SWIFT_COMPILATION_MODE = wholemodule;
				SWIFT_OPTIMIZATION_LEVEL = "-O";
				VALIDATE_PRODUCT = YES;
			};
			name = Release;
		};
		2E673895277F92F6000396B2 /* Debug */ = {
			isa = XCBuildConfiguration;
			buildSettings = {
				ASSETCATALOG_COMPILER_APPICON_NAME = AppIcon;
				ASSETCATALOG_COMPILER_GLOBAL_ACCENT_COLOR_NAME = AccentColor;
				CODE_SIGN_STYLE = Automatic;
				CURRENT_PROJECT_VERSION = 1;
				GENERATE_INFOPLIST_FILE = YES;
				INFOPLIST_FILE = AcheiUmProblema/Info.plist;
				INFOPLIST_KEY_UIApplicationSupportsIndirectInputEvents = YES;
				INFOPLIST_KEY_UILaunchStoryboardName = LaunchScreen;
				INFOPLIST_KEY_UIMainStoryboardFile = Main;
				INFOPLIST_KEY_UISupportedInterfaceOrientations_iPad = "UIInterfaceOrientationPortrait UIInterfaceOrientationPortraitUpsideDown UIInterfaceOrientationLandscapeLeft UIInterfaceOrientationLandscapeRight";
				INFOPLIST_KEY_UISupportedInterfaceOrientations_iPhone = "UIInterfaceOrientationPortrait UIInterfaceOrientationLandscapeLeft UIInterfaceOrientationLandscapeRight";
				LD_RUNPATH_SEARCH_PATHS = (
					"$(inherited)",
					"@executable_path/Frameworks",
				);
				MARKETING_VERSION = 1.0;
				PRODUCT_BUNDLE_IDENTIFIER = br.edu.unyleya.AcheiUmProblema;
				PRODUCT_NAME = "$(TARGET_NAME)";
				SWIFT_EMIT_LOC_STRINGS = YES;
				SWIFT_VERSION = 5.0;
				TARGETED_DEVICE_FAMILY = "1,2";
			};
			name = Debug;
		};
		2E673896277F92F6000396B2 /* Release */ = {
			isa = XCBuildConfiguration;
			buildSettings = {
				ASSETCATALOG_COMPILER_APPICON_NAME = AppIcon;
				ASSETCATALOG_COMPILER_GLOBAL_ACCENT_COLOR_NAME = AccentColor;
				CODE_SIGN_STYLE = Automatic;
				CURRENT_PROJECT_VERSION = 1;
				GENERATE_INFOPLIST_FILE = YES;
				INFOPLIST_FILE = AcheiUmProblema/Info.plist;
				INFOPLIST_KEY_UIApplicationSupportsIndirectInputEvents = YES;
				INFOPLIST_KEY_UILaunchStoryboardName = LaunchScreen;
				INFOPLIST_KEY_UIMainStoryboardFile = Main;
				INFOPLIST_KEY_UISupportedInterfaceOrientations_iPad = "UIInterfaceOrientationPortrait UIInterfaceOrientationPortraitUpsideDown UIInterfaceOrientationLandscapeLeft UIInterfaceOrientationLandscapeRight";
				INFOPLIST_KEY_UISupportedInterfaceOrientations_iPhone = "UIInterfaceOrientationPortrait UIInterfaceOrientationLandscapeLeft UIInterfaceOrientationLandscapeRight";
				LD_RUNPATH_SEARCH_PATHS = (
					"$(inherited)",
					"@executable_path/Frameworks",
				);
				MARKETING_VERSION = 1.0;
				PRODUCT_BUNDLE_IDENTIFIER = br.edu.unyleya.AcheiUmProblema;
				PRODUCT_NAME = "$(TARGET_NAME)";
				SWIFT_EMIT_LOC_STRINGS = YES;
				SWIFT_VERSION = 5.0;
				TARGETED_DEVICE_FAMILY = "1,2";
			};
			name = Release;
		};
/* End XCBuildConfiguration section */

/* Begin XCConfigurationList section */
		2E673878277F92F4000396B2 /* Build configuration list for PBXProject "AcheiUmProblema" */ = {
			isa = XCConfigurationList;
			buildConfigurations = (
				2E673892277F92F6000396B2 /* Debug */,
				2E673893277F92F6000396B2 /* Release */,
			);
			defaultConfigurationIsVisible = 0;
			defaultConfigurationName = Release;
		};
		2E673894277F92F6000396B2 /* Build configuration list for PBXNativeTarget "AcheiUmProblema" */ = {
			isa = XCConfigurationList;
			buildConfigurations = (
				2E673895277F92F6000396B2 /* Debug */,
				2E673896277F92F6000396B2 /* Release */,
			);
			defaultConfigurationIsVisible = 0;
			defaultConfigurationName = Release;
		};
/* End XCConfigurationList section */

/* Begin XCVersionGroup section */
		2E673889277F92F4000396B2 /* AcheiUmProblema.xcdatamodeld */ = {
			isa = XCVersionGroup;
			children = (
				2E67388A277F92F4000396B2 /* AcheiUmProblema.xcdatamodel */,
			);
			currentVersion = 2E67388A277F92F4000396B2 /* AcheiUmProblema.xcdatamodel */;
			path = AcheiUmProblema.xcdatamodeld;
			sourceTree = "<group>";
			versionGroupType = wrapper.xcdatamodel;
		};
/* End XCVersionGroup section */
	};
	rootObject = 2E673875277F92F4000396B2 /* Project object */;
}
